
Microsoft Visual Studio Solution File, Format Version 12.00
# Visual Studio Version 17
VisualStudioVersion = 17.7.34031.279
MinimumVisualStudioVersion = 10.0.40219.1
Project("{FAE04EC0-301F-11D3-BF4B-00C04F79EFBC}") = "PFI.Reporting", "PFI.Reporting\PFI.Reporting.csproj", "{A033B3FD-DF17-42E8-A8C8-44BC61550D83}"
EndProject
Project("{FAE04EC0-301F-11D3-BF4B-00C04F79EFBC}") = "PFI.Reporting.UT", "PFI.Reporting.UT\PFI.Reporting.UT.csproj", "{4EBA55FD-833F-49B4-8D68-6B6ACF8BAD7A}"
EndProject
Global
	GlobalSection(SolutionConfigurationPlatforms) = preSolution
		Debug|Any CPU = Debug|Any CPU
		Release|Any CPU = Release|Any CPU
	EndGlobalSection
	GlobalSection(ProjectConfigurationPlatforms) = postSolution
		{A033B3FD-DF17-42E8-A8C8-44BC61550D83}.Debug|Any CPU.ActiveCfg = Debug|Any CPU
		{A033B3FD-DF17-42E8-A8C8-44BC61550D83}.Debug|Any CPU.Build.0 = Debug|Any CPU
		{A033B3FD-DF17-42E8-A8C8-44BC61550D83}.Release|Any CPU.ActiveCfg = Release|Any CPU
		{A033B3FD-DF17-42E8-A8C8-44BC61550D83}.Release|Any CPU.Build.0 = Release|Any CPU
		{4EBA55FD-833F-49B4-8D68-6B6ACF8BAD7A}.Debug|Any CPU.ActiveCfg = Debug|Any CPU
		{4EBA55FD-833F-49B4-8D68-6B6ACF8BAD7A}.Debug|Any CPU.Build.0 = Debug|Any CPU
		{4EBA55FD-833F-49B4-8D68-6B6ACF8BAD7A}.Release|Any CPU.ActiveCfg = Release|Any CPU
		{4EBA55FD-833F-49B4-8D68-6B6ACF8BAD7A}.Release|Any CPU.Build.0 = Release|Any CPU
	EndGlobalSection
	GlobalSection(SolutionProperties) = preSolution
		HideSolutionNode = FALSE
	EndGlobalSection
	GlobalSection(ExtensibilityGlobals) = postSolution
		SolutionGuid = {94618BBB-3931-40D3-84B9-579C6761C726}
	EndGlobalSection
EndGlobal
